
Microsoft Visual Studio Solution File, Format Version 12.00
# Visual Studio 15
VisualStudioVersion = 15.0.28307.960
MinimumVisualStudioVersion = 10.0.40219.1
Project("{FAE04EC0-301F-11D3-BF4B-00C04F79EFBC}") = "HelloWorlddd", "HelloWorlddd\HelloWorlddd.csproj", "{048B18BB-61F6-41F5-AF0A-6FE2BBC4D543}"
EndProject
Global
	GlobalSection(SolutionConfigurationPlatforms) = preSolution
		Debug|Any CPU = Debug|Any CPU
		Release|Any CPU = Release|Any CPU
	EndGlobalSection
	GlobalSection(ProjectConfigurationPlatforms) = postSolution
		{048B18BB-61F6-41F5-AF0A-6FE2BBC4D543}.Debug|Any CPU.ActiveCfg = Debug|Any CPU
		{048B18BB-61F6-41F5-AF0A-6FE2BBC4D543}.Debug|Any CPU.Build.0 = Debug|Any CPU
		{048B18BB-61F6-41F5-AF0A-6FE2BBC4D543}.Release|Any CPU.ActiveCfg = Release|Any CPU
		{048B18BB-61F6-41F5-AF0A-6FE2BBC4D543}.Release|Any CPU.Build.0 = Release|Any CPU
	EndGlobalSection
	GlobalSection(SolutionProperties) = preSolution
		HideSolutionNode = FALSE
	EndGlobalSection
	GlobalSection(ExtensibilityGlobals) = postSolution
		SolutionGuid = {01A2EE7F-9AEF-4C88-B37D-DDC3CC08016D}
	EndGlobalSection
EndGlobal
